
Microsoft Visual Studio Solution File, Format Version 12.00
# Visual Studio Version 17
VisualStudioVersion = 17.10.34825.169
MinimumVisualStudioVersion = 10.0.40219.1
Project("{9A19103F-16F7-4668-BE54-9A1E7A4F7556}") = "TwoFactorAuthentication", "TwoFactorAuthentication\TwoFactorAuthentication.csproj", "{8D57F6D4-14CC-40C5-B088-B01D62D41240}"
EndProject
Project("{FAE04EC0-301F-11D3-BF4B-00C04F79EFBC}") = "TwoFactorAuthentication.Core", "TwoFactorAuthentication.Core\TwoFactorAuthentication.Core.csproj", "{6EE9A11D-ED8C-4BE1-9C49-184C19F2B684}"
EndProject
Project("{FAE04EC0-301F-11D3-BF4B-00C04F79EFBC}") = "TwoFactorAuthentication.Authentication", "TwoFactorAuthentication.Authentication\TwoFactorAuthentication.Authentication.csproj", "{E2FF9AB0-B99D-42D5-B2D9-DD36650255D9}"
EndProject
Project("{FAE04EC0-301F-11D3-BF4B-00C04F79EFBC}") = "TwoFactorAuthentication.2FA", "TwoFactorAuthentication.2FA\TwoFactorAuthentication.2FA.csproj", "{4551AE4F-71FD-4EAF-A547-92CC1938CAD0}"
EndProject
Global
	GlobalSection(SolutionConfigurationPlatforms) = preSolution
		Debug|Any CPU = Debug|Any CPU
		Release|Any CPU = Release|Any CPU
	EndGlobalSection
	GlobalSection(ProjectConfigurationPlatforms) = postSolution
		{8D57F6D4-14CC-40C5-B088-B01D62D41240}.Debug|Any CPU.ActiveCfg = Debug|Any CPU
		{8D57F6D4-14CC-40C5-B088-B01D62D41240}.Debug|Any CPU.Build.0 = Debug|Any CPU
		{8D57F6D4-14CC-40C5-B088-B01D62D41240}.Release|Any CPU.ActiveCfg = Release|Any CPU
		{8D57F6D4-14CC-40C5-B088-B01D62D41240}.Release|Any CPU.Build.0 = Release|Any CPU
		{6EE9A11D-ED8C-4BE1-9C49-184C19F2B684}.Debug|Any CPU.ActiveCfg = Debug|Any CPU
		{6EE9A11D-ED8C-4BE1-9C49-184C19F2B684}.Debug|Any CPU.Build.0 = Debug|Any CPU
		{6EE9A11D-ED8C-4BE1-9C49-184C19F2B684}.Release|Any CPU.ActiveCfg = Release|Any CPU
		{6EE9A11D-ED8C-4BE1-9C49-184C19F2B684}.Release|Any CPU.Build.0 = Release|Any CPU
		{E2FF9AB0-B99D-42D5-B2D9-DD36650255D9}.Debug|Any CPU.ActiveCfg = Debug|Any CPU
		{E2FF9AB0-B99D-42D5-B2D9-DD36650255D9}.Debug|Any CPU.Build.0 = Debug|Any CPU
		{E2FF9AB0-B99D-42D5-B2D9-DD36650255D9}.Release|Any CPU.ActiveCfg = Release|Any CPU
		{E2FF9AB0-B99D-42D5-B2D9-DD36650255D9}.Release|Any CPU.Build.0 = Release|Any CPU
		{4551AE4F-71FD-4EAF-A547-92CC1938CAD0}.Debug|Any CPU.ActiveCfg = Debug|Any CPU
		{4551AE4F-71FD-4EAF-A547-92CC1938CAD0}.Debug|Any CPU.Build.0 = Debug|Any CPU
		{4551AE4F-71FD-4EAF-A547-92CC1938CAD0}.Release|Any CPU.ActiveCfg = Release|Any CPU
		{4551AE4F-71FD-4EAF-A547-92CC1938CAD0}.Release|Any CPU.Build.0 = Release|Any CPU
	EndGlobalSection
	GlobalSection(SolutionProperties) = preSolution
		HideSolutionNode = FALSE
	EndGlobalSection
	GlobalSection(ExtensibilityGlobals) = postSolution
		SolutionGuid = {4076AF35-F737-450F-BA49-132C51F182BC}
	EndGlobalSection
EndGlobal
